
Microsoft Visual Studio Solution File, Format Version 12.00
# Visual Studio Version 16
VisualStudioVersion = 16.0.30002.166
MinimumVisualStudioVersion = 10.0.40219.1
Project("{FAE04EC0-301F-11D3-BF4B-00C04F79EFBC}") = "Xadrez", "Xadrez\Xadrez.csproj", "{4A8AC1C4-D7F4-49A5-9D7A-4E2EF12CCD1C}"
EndProject
Global
	GlobalSection(SolutionConfigurationPlatforms) = preSolution
		Debug|Any CPU = Debug|Any CPU
		Release|Any CPU = Release|Any CPU
	EndGlobalSection
	GlobalSection(ProjectConfigurationPlatforms) = postSolution
		{4A8AC1C4-D7F4-49A5-9D7A-4E2EF12CCD1C}.Debug|Any CPU.ActiveCfg = Debug|Any CPU
		{4A8AC1C4-D7F4-49A5-9D7A-4E2EF12CCD1C}.Debug|Any CPU.Build.0 = Debug|Any CPU
		{4A8AC1C4-D7F4-49A5-9D7A-4E2EF12CCD1C}.Release|Any CPU.ActiveCfg = Release|Any CPU
		{4A8AC1C4-D7F4-49A5-9D7A-4E2EF12CCD1C}.Release|Any CPU.Build.0 = Release|Any CPU
	EndGlobalSection
	GlobalSection(SolutionProperties) = preSolution
		HideSolutionNode = FALSE
	EndGlobalSection
	GlobalSection(ExtensibilityGlobals) = postSolution
		SolutionGuid = {A81480B0-1FFA-468B-AE25-25A2986306F2}
	EndGlobalSection
EndGlobal
